Microsoft Visual Studio Solution File, Format Version 12.00
# Visual Studio Version 17
VisualStudioVersion = 17.5.2.0
MinimumVisualStudioVersion = 10.0.40219.1
Project("{FAE04EC0-301F-11D3-BF4B-00C04F79EFBC}") = "PetApiTests", "PetApiTests.csproj", "{2BA253D1-0BF7-22D3-60F2-FA9717E4EF59}"
EndProject
Global
	GlobalSection(SolutionConfigurationPlatforms) = preSolution
		Debug|Any CPU = Debug|Any CPU
		Release|Any CPU = Release|Any CPU
	EndGlobalSection
	GlobalSection(ProjectConfigurationPlatforms) = postSolution
		{2BA253D1-0BF7-22D3-60F2-FA9717E4EF59}.Debug|Any CPU.ActiveCfg = Debug|Any CPU
		{2BA253D1-0BF7-22D3-60F2-FA9717E4EF59}.Debug|Any CPU.Build.0 = Debug|Any CPU
		{2BA253D1-0BF7-22D3-60F2-FA9717E4EF59}.Release|Any CPU.ActiveCfg = Release|Any CPU
		{2BA253D1-0BF7-22D3-60F2-FA9717E4EF59}.Release|Any CPU.Build.0 = Release|Any CPU
	EndGlobalSection
	GlobalSection(SolutionProperties) = preSolution
		HideSolutionNode = FALSE
	EndGlobalSection
	GlobalSection(ExtensibilityGlobals) = postSolution
		SolutionGuid = {24758DBB-5388-4158-9E6B-73C76B7A1AE7}
	EndGlobalSection
EndGlobal
